
Microsoft Visual Studio Solution File, Format Version 12.00
# Visual Studio Version 17
VisualStudioVersion = 17.3.32929.385
MinimumVisualStudioVersion = 10.0.40219.1
Project("{FAE04EC0-301F-11D3-BF4B-00C04F79EFBC}") = "Todean_Olaeriu", "Todean_Olaeriu\Todean_Olaeriu.csproj", "{3375E96A-F6BB-41D7-B983-CD7CD234AEDF}"
EndProject
Global
	GlobalSection(SolutionConfigurationPlatforms) = preSolution
		Debug|Any CPU = Debug|Any CPU
		Release|Any CPU = Release|Any CPU
	EndGlobalSection
	GlobalSection(ProjectConfigurationPlatforms) = postSolution
		{3375E96A-F6BB-41D7-B983-CD7CD234AEDF}.Debug|Any CPU.ActiveCfg = Debug|Any CPU
		{3375E96A-F6BB-41D7-B983-CD7CD234AEDF}.Debug|Any CPU.Build.0 = Debug|Any CPU
		{3375E96A-F6BB-41D7-B983-CD7CD234AEDF}.Release|Any CPU.ActiveCfg = Release|Any CPU
		{3375E96A-F6BB-41D7-B983-CD7CD234AEDF}.Release|Any CPU.Build.0 = Release|Any CPU
	EndGlobalSection
	GlobalSection(SolutionProperties) = preSolution
		HideSolutionNode = FALSE
	EndGlobalSection
	GlobalSection(ExtensibilityGlobals) = postSolution
		SolutionGuid = {DB31C729-5801-4E4F-BD10-2F31931C1D60}
	EndGlobalSection
EndGlobal
